
Microsoft Visual Studio Solution File, Format Version 12.00
# Visual Studio Version 17
VisualStudioVersion = 17.1.32414.318
MinimumVisualStudioVersion = 10.0.40219.1
Project("{FAE04EC0-301F-11D3-BF4B-00C04F79EFBC}") = "MsgBox_FullName", "MsgBox_FullName\MsgBox_FullName.csproj", "{0D9343A3-6B4C-415A-AD83-509DD08A57A9}"
EndProject
Global
	GlobalSection(SolutionConfigurationPlatforms) = preSolution
		Debug|Any CPU = Debug|Any CPU
		Release|Any CPU = Release|Any CPU
	EndGlobalSection
	GlobalSection(ProjectConfigurationPlatforms) = postSolution
		{0D9343A3-6B4C-415A-AD83-509DD08A57A9}.Debug|Any CPU.ActiveCfg = Debug|Any CPU
		{0D9343A3-6B4C-415A-AD83-509DD08A57A9}.Debug|Any CPU.Build.0 = Debug|Any CPU
		{0D9343A3-6B4C-415A-AD83-509DD08A57A9}.Release|Any CPU.ActiveCfg = Release|Any CPU
		{0D9343A3-6B4C-415A-AD83-509DD08A57A9}.Release|Any CPU.Build.0 = Release|Any CPU
	EndGlobalSection
	GlobalSection(SolutionProperties) = preSolution
		HideSolutionNode = FALSE
	EndGlobalSection
	GlobalSection(ExtensibilityGlobals) = postSolution
		SolutionGuid = {7A342A18-70E4-4E2F-AEB7-7000D4A0EC50}
	EndGlobalSection
EndGlobal
